// !$*UTF8*$!
{
	archiveVersion = 1;
	classes = {
	};
	objectVersion = 56;
	objects = {

/* Begin PBXBuildFile section */
		9C0C52EB2C2AEA1300DD0C6F /* ContactCellView.swift in Sources */ = {isa = PBXBuildFile; fileRef = 9C0C52EA2C2AEA1300DD0C6F /* ContactCellView.swift */; };
		9C0C52ED2C2C1E4800DD0C6F /* ContactAvatarView.swift in Sources */ = {isa = PBXBuildFile; fileRef = 9C0C52EC2C2C1E4800DD0C6F /* ContactAvatarView.swift */; };
		9C0C52EF2C2C20B900DD0C6F /* ContactInfoView.swift in Sources */ = {isa = PBXBuildFile; fileRef = 9C0C52EE2C2C20B900DD0C6F /* ContactInfoView.swift */; };
		9C11C2BF2C17188600F2E691 /* WBAppApp.swift in Sources */ = {isa = PBXBuildFile; fileRef = 9C11C2BE2C17188600F2E691 /* WBAppApp.swift */; };
		9C11C2C62C17188700F2E691 /* Preview Assets.xcassets in Resources */ = {isa = PBXBuildFile; fileRef = 9C11C2C52C17188700F2E691 /* Preview Assets.xcassets */; };
		9C14A0422C299FB900FD1D48 /* ContactsListView.swift in Sources */ = {isa = PBXBuildFile; fileRef = 9C14A0412C299FB900FD1D48 /* ContactsListView.swift */; };
		9C14A0462C29B90A00FD1D48 /* PersonalContactView.swift in Sources */ = {isa = PBXBuildFile; fileRef = 9C14A0452C29B90A00FD1D48 /* PersonalContactView.swift */; };
		9C14A04D2C29BE6E00FD1D48 /* NewContactView.swift in Sources */ = {isa = PBXBuildFile; fileRef = 9C14A04C2C29BE6E00FD1D48 /* NewContactView.swift */; };
		9C3F4EBA2C47ECA800E25205 /* EmojiViewModel.swift in Sources */ = {isa = PBXBuildFile; fileRef = 9C3F4EB92C47ECA800E25205 /* EmojiViewModel.swift */; };
		9C3F4EBE2C47ECDC00E25205 /* EmojiCellView.swift in Sources */ = {isa = PBXBuildFile; fileRef = 9C3F4EBD2C47ECDC00E25205 /* EmojiCellView.swift */; };
		9C3F4EC12C47FD9100E25205 /* VerificationView.swift in Sources */ = {isa = PBXBuildFile; fileRef = 9C3F4EC02C47FD9100E25205 /* VerificationView.swift */; };
		9C3F4EC32C4805BD00E25205 /* VerificationEnterNumberView.swift in Sources */ = {isa = PBXBuildFile; fileRef = 9C3F4EC22C4805BD00E25205 /* VerificationEnterNumberView.swift */; };
		9C3F4EC82C4814D300E25205 /* VerificationModel.swift in Sources */ = {isa = PBXBuildFile; fileRef = 9C3F4EC72C4814D300E25205 /* VerificationModel.swift */; };
		9C40C0ED2C3016EF00116655 /* MockData.swift in Sources */ = {isa = PBXBuildFile; fileRef = 9C40C0EC2C3016EF00116655 /* MockData.swift */; };
		9C40C0F42C30237800116655 /* Localizable.strings in Resources */ = {isa = PBXBuildFile; fileRef = 9C40C0F22C30237800116655 /* Localizable.strings */; };
		9C40C0F82C3050EC00116655 /* OnboardingView.swift in Sources */ = {isa = PBXBuildFile; fileRef = 9C40C0F72C3050EC00116655 /* OnboardingView.swift */; };
		9C40C0FA2C30510400116655 /* OnboardingButtons.swift in Sources */ = {isa = PBXBuildFile; fileRef = 9C40C0F92C30510400116655 /* OnboardingButtons.swift */; };
		9C40C1002C317A6700116655 /* PersonalContactAvatarView.swift in Sources */ = {isa = PBXBuildFile; fileRef = 9C40C0FF2C317A6700116655 /* PersonalContactAvatarView.swift */; };
		9C40C1022C317C5100116655 /* PersonalContactInfoView.swift in Sources */ = {isa = PBXBuildFile; fileRef = 9C40C1012C317C5100116655 /* PersonalContactInfoView.swift */; };
		9C40C1062C31B79300116655 /* PersonalContactSocButtonListView.swift in Sources */ = {isa = PBXBuildFile; fileRef = 9C40C1052C31B79300116655 /* PersonalContactSocButtonListView.swift */; };
		9C440E302C50182A00E82AF7 /* CustomOperator%%.swift in Sources */ = {isa = PBXBuildFile; fileRef = 9C440E2D2C50182A00E82AF7 /* CustomOperator%%.swift */; };
		9C440E312C50182A00E82AF7 /* VerificationCodeView.swift in Sources */ = {isa = PBXBuildFile; fileRef = 9C440E2E2C50182A00E82AF7 /* VerificationCodeView.swift */; };
		9C440E322C50182A00E82AF7 /* VerificationPromptView.swift in Sources */ = {isa = PBXBuildFile; fileRef = 9C440E2F2C50182A00E82AF7 /* VerificationPromptView.swift */; };
		9C440E342C50185C00E82AF7 /* CodeView.swift in Sources */ = {isa = PBXBuildFile; fileRef = 9C440E332C50185C00E82AF7 /* CodeView.swift */; };
		9C48F9922C3D533D008A8B57 /* WBAppWidgetEntryView.swift in Sources */ = {isa = PBXBuildFile; fileRef = 9C48F9912C3D533D008A8B57 /* WBAppWidgetEntryView.swift */; };
		9C48F9972C3D75AB008A8B57 /* StringInterpolationView.swift in Sources */ = {isa = PBXBuildFile; fileRef = 9C48F9962C3D75AB008A8B57 /* StringInterpolationView.swift */; };
		9C5417A62C2453790094DFD4 /* Tabs.swift in Sources */ = {isa = PBXBuildFile; fileRef = 9C5417A52C2453790094DFD4 /* Tabs.swift */; };
		9C5417AA2C2464EA0094DFD4 /* ContactsView.swift in Sources */ = {isa = PBXBuildFile; fileRef = 9C5417A92C2464EA0094DFD4 /* ContactsView.swift */; };
		9C5417B72C24685E0094DFD4 /* ContactModel.swift in Sources */ = {isa = PBXBuildFile; fileRef = 9C5417B62C24685E0094DFD4 /* ContactModel.swift */; };
		9C5417B92C24697D0094DFD4 /* ContentView.swift in Sources */ = {isa = PBXBuildFile; fileRef = 9C5417B82C24697D0094DFD4 /* ContentView.swift */; };
		9C5417BC2C246AE60094DFD4 /* Router.swift in Sources */ = {isa = PBXBuildFile; fileRef = 9C5417BB2C246AE60094DFD4 /* Router.swift */; };
		9C5417BE2C246E9B0094DFD4 /* ContentViewTabView.swift in Sources */ = {isa = PBXBuildFile; fileRef = 9C5417BD2C246E9B0094DFD4 /* ContentViewTabView.swift */; };
		9C5417C02C24704D0094DFD4 /* ChatsView.swift in Sources */ = {isa = PBXBuildFile; fileRef = 9C5417BF2C24704D0094DFD4 /* ChatsView.swift */; };
		9C5417C22C2470620094DFD4 /* MoreView.swift in Sources */ = {isa = PBXBuildFile; fileRef = 9C5417C12C2470620094DFD4 /* MoreView.swift */; };
		9C74A3DF2C3432E800F2DB39 /* PersonalContactEditView.swift in Sources */ = {isa = PBXBuildFile; fileRef = 9C74A3DE2C3432E800F2DB39 /* PersonalContactEditView.swift */; };
		9C793D9E2C5118D90004FE17 /* HashFunction.swift in Sources */ = {isa = PBXBuildFile; fileRef = 9C793D9D2C5118D90004FE17 /* HashFunction.swift */; };
		9C8965FC2C4555700030478F /* InfiniteScrollView.swift in Sources */ = {isa = PBXBuildFile; fileRef = 9C8965FB2C4555700030478F /* InfiniteScrollView.swift */; };
		9C8965FE2C4572C70030478F /* EmojiModel.swift in Sources */ = {isa = PBXBuildFile; fileRef = 9C8965FD2C4572C70030478F /* EmojiModel.swift */; };
		9C8966002C45A1DF0030478F /* GeometryCellView.swift in Sources */ = {isa = PBXBuildFile; fileRef = 9C8965FF2C45A1DF0030478F /* GeometryCellView.swift */; };
		9C8EE8C92C4EA3F300B459B0 /* UIApplication+.swift in Sources */ = {isa = PBXBuildFile; fileRef = 9C8EE8C82C4EA3F300B459B0 /* UIApplication+.swift */; };
		9C8EE8CE2C4EC41B00B459B0 /* ClockAnimationView.swift in Sources */ = {isa = PBXBuildFile; fileRef = 9C8EE8CD2C4EC41B00B459B0 /* ClockAnimationView.swift */; };
		9C9CEA6C2C5271AA00BFEE29 /* HashFunctionString.swift in Sources */ = {isa = PBXBuildFile; fileRef = 9C793D9F2C5118FF0004FE17 /* HashFunctionString.swift */; };
		9C9CEA6E2C5273AE00BFEE29 /* OperationWithSet.swift in Sources */ = {isa = PBXBuildFile; fileRef = 9C9CEA6D2C5273AE00BFEE29 /* OperationWithSet.swift */; };
		9C9CEA702C527A7700BFEE29 /* OperationWithDictionary.swift in Sources */ = {isa = PBXBuildFile; fileRef = 9C9CEA6F2C527A7700BFEE29 /* OperationWithDictionary.swift */; };
		9CA69EEE2C5806250072ADD7 /* UISystem in Frameworks */ = {isa = PBXBuildFile; productRef = 9CA69EED2C5806250072ADD7 /* UISystem */; };
		9CA69EF32C580DB90072ADD7 /* Assets.xcassets in Resources */ = {isa = PBXBuildFile; fileRef = 9CA69EF22C580DB00072ADD7 /* Assets.xcassets */; };
		9CA69EF42C580DBA0072ADD7 /* Assets.xcassets in Resources */ = {isa = PBXBuildFile; fileRef = 9CA69EF22C580DB00072ADD7 /* Assets.xcassets */; };
		9CD04BD12C36E2FA00688301 /* WidgetKit.framework in Frameworks */ = {isa = PBXBuildFile; fileRef = 9CD04BD02C36E2FA00688301 /* WidgetKit.framework */; };
		9CD04BD32C36E2FA00688301 /* SwiftUI.framework in Frameworks */ = {isa = PBXBuildFile; fileRef = 9CD04BD22C36E2FA00688301 /* SwiftUI.framework */; };
		9CD04BD62C36E2FA00688301 /* WBAppWidgetBundle.swift in Sources */ = {isa = PBXBuildFile; fileRef = 9CD04BD52C36E2FA00688301 /* WBAppWidgetBundle.swift */; };
		9CD04BDA2C36E2FA00688301 /* WBAppWidget.swift in Sources */ = {isa = PBXBuildFile; fileRef = 9CD04BD92C36E2FA00688301 /* WBAppWidget.swift */; };
		9CD04BDC2C36E2FA00688301 /* AppIntent.swift in Sources */ = {isa = PBXBuildFile; fileRef = 9CD04BDB2C36E2FA00688301 /* AppIntent.swift */; };
		9CD04BDE2C36E2FB00688301 /* Assets.xcassets in Resources */ = {isa = PBXBuildFile; fileRef = 9CD04BDD2C36E2FB00688301 /* Assets.xcassets */; };
		9CD04BE22C36E2FB00688301 /* WBAppWidgetExtension.appex in Embed Foundation Extensions */ = {isa = PBXBuildFile; fileRef = 9CD04BCE2C36E2FA00688301 /* WBAppWidgetExtension.appex */; settings = {ATTRIBUTES = (RemoveHeadersOnCopy, ); }; };
		9CD04BE92C36EB2100688301 /* ChatsIntent.swift in Sources */ = {isa = PBXBuildFile; fileRef = 9CD04BE82C36EB2100688301 /* ChatsIntent.swift */; };
		9CEF50F82C41549600431997 /* ContactModel.swift in Sources */ = {isa = PBXBuildFile; fileRef = 9C5417B62C24685E0094DFD4 /* ContactModel.swift */; };
		9CEF50FA2C4156AE00431997 /* MockData.swift in Sources */ = {isa = PBXBuildFile; fileRef = 9C40C0EC2C3016EF00116655 /* MockData.swift */; };
/* End PBXBuildFile section */

/* Begin PBXContainerItemProxy section */
		9CD04BE02C36E2FB00688301 /* PBXContainerItemProxy */ = {
			isa = PBXContainerItemProxy;
			containerPortal = 9C11C2B32C17188600F2E691 /* Project object */;
			proxyType = 1;
			remoteGlobalIDString = 9CD04BCD2C36E2FA00688301;
			remoteInfo = WBAppWidgetExtension;
		};
/* End PBXContainerItemProxy section */

/* Begin PBXCopyFilesBuildPhase section */
		9CD04BE62C36E2FB00688301 /* Embed Foundation Extensions */ = {
			isa = PBXCopyFilesBuildPhase;
			buildActionMask = 2147483647;
			dstPath = "";
			dstSubfolderSpec = 13;
			files = (
				9CD04BE22C36E2FB00688301 /* WBAppWidgetExtension.appex in Embed Foundation Extensions */,
			);
			name = "Embed Foundation Extensions";
			runOnlyForDeploymentPostprocessing = 0;
		};
/* End PBXCopyFilesBuildPhase section */

/* Begin PBXFileReference section */
		9C0C52EA2C2AEA1300DD0C6F /* ContactCellView.swift */ = {isa = PBXFileReference; lastKnownFileType = sourcecode.swift; path = ContactCellView.swift; sourceTree = "<group>"; };
		9C0C52EC2C2C1E4800DD0C6F /* ContactAvatarView.swift */ = {isa = PBXFileReference; lastKnownFileType = sourcecode.swift; path = ContactAvatarView.swift; sourceTree = "<group>"; };
		9C0C52EE2C2C20B900DD0C6F /* ContactInfoView.swift */ = {isa = PBXFileReference; lastKnownFileType = sourcecode.swift; path = ContactInfoView.swift; sourceTree = "<group>"; };
		9C11C2BB2C17188600F2E691 /* WBApp.app */ = {isa = PBXFileReference; explicitFileType = wrapper.application; includeInIndex = 0; path = WBApp.app; sourceTree = BUILT_PRODUCTS_DIR; };
		9C11C2BE2C17188600F2E691 /* WBAppApp.swift */ = {isa = PBXFileReference; lastKnownFileType = sourcecode.swift; path = WBAppApp.swift; sourceTree = "<group>"; };
		9C11C2C52C17188700F2E691 /* Preview Assets.xcassets */ = {isa = PBXFileReference; lastKnownFileType = folder.assetcatalog; path = "Preview Assets.xcassets"; sourceTree = "<group>"; };
		9C14A0412C299FB900FD1D48 /* ContactsListView.swift */ = {isa = PBXFileReference; lastKnownFileType = sourcecode.swift; path = ContactsListView.swift; sourceTree = "<group>"; };
		9C14A0452C29B90A00FD1D48 /* PersonalContactView.swift */ = {isa = PBXFileReference; lastKnownFileType = sourcecode.swift; path = PersonalContactView.swift; sourceTree = "<group>"; };
		9C14A04C2C29BE6E00FD1D48 /* NewContactView.swift */ = {isa = PBXFileReference; lastKnownFileType = sourcecode.swift; path = NewContactView.swift; sourceTree = "<group>"; };
		9C3F4EB92C47ECA800E25205 /* EmojiViewModel.swift */ = {isa = PBXFileReference; lastKnownFileType = sourcecode.swift; path = EmojiViewModel.swift; sourceTree = "<group>"; };
		9C3F4EBD2C47ECDC00E25205 /* EmojiCellView.swift */ = {isa = PBXFileReference; lastKnownFileType = sourcecode.swift; path = EmojiCellView.swift; sourceTree = "<group>"; };
		9C3F4EC02C47FD9100E25205 /* VerificationView.swift */ = {isa = PBXFileReference; lastKnownFileType = sourcecode.swift; path = VerificationView.swift; sourceTree = "<group>"; };
		9C3F4EC22C4805BD00E25205 /* VerificationEnterNumberView.swift */ = {isa = PBXFileReference; lastKnownFileType = sourcecode.swift; path = VerificationEnterNumberView.swift; sourceTree = "<group>"; };
		9C3F4EC72C4814D300E25205 /* VerificationModel.swift */ = {isa = PBXFileReference; lastKnownFileType = sourcecode.swift; path = VerificationModel.swift; sourceTree = "<group>"; };
		9C40C0EC2C3016EF00116655 /* MockData.swift */ = {isa = PBXFileReference; lastKnownFileType = sourcecode.swift; path = MockData.swift; sourceTree = "<group>"; };
		9C40C0F52C30237E00116655 /* ru */ = {isa = PBXFileReference; lastKnownFileType = text.plist.strings; name = ru; path = ru.lproj/Localizable.strings; sourceTree = "<group>"; };
		9C40C0F62C30252400116655 /* en */ = {isa = PBXFileReference; lastKnownFileType = text.plist.strings; name = en; path = en.lproj/Localizable.strings; sourceTree = "<group>"; };
		9C40C0F72C3050EC00116655 /* OnboardingView.swift */ = {isa = PBXFileReference; lastKnownFileType = sourcecode.swift; path = OnboardingView.swift; sourceTree = "<group>"; };
		9C40C0F92C30510400116655 /* OnboardingButtons.swift */ = {isa = PBXFileReference; lastKnownFileType = sourcecode.swift; path = OnboardingButtons.swift; sourceTree = "<group>"; };
		9C40C0FF2C317A6700116655 /* PersonalContactAvatarView.swift */ = {isa = PBXFileReference; lastKnownFileType = sourcecode.swift; path = PersonalContactAvatarView.swift; sourceTree = "<group>"; };
		9C40C1012C317C5100116655 /* PersonalContactInfoView.swift */ = {isa = PBXFileReference; lastKnownFileType = sourcecode.swift; path = PersonalContactInfoView.swift; sourceTree = "<group>"; };
		9C40C1052C31B79300116655 /* PersonalContactSocButtonListView.swift */ = {isa = PBXFileReference; lastKnownFileType = sourcecode.swift; path = PersonalContactSocButtonListView.swift; sourceTree = "<group>"; };
		9C440E2D2C50182A00E82AF7 /* CustomOperator%%.swift */ = {isa = PBXFileReference; fileEncoding = 4; lastKnownFileType = sourcecode.swift; path = "CustomOperator%%.swift"; sourceTree = "<group>"; };
		9C440E2E2C50182A00E82AF7 /* VerificationCodeView.swift */ = {isa = PBXFileReference; fileEncoding = 4; lastKnownFileType = sourcecode.swift; path = VerificationCodeView.swift; sourceTree = "<group>"; };
		9C440E2F2C50182A00E82AF7 /* VerificationPromptView.swift */ = {isa = PBXFileReference; fileEncoding = 4; lastKnownFileType = sourcecode.swift; path = VerificationPromptView.swift; sourceTree = "<group>"; };
		9C440E332C50185C00E82AF7 /* CodeView.swift */ = {isa = PBXFileReference; fileEncoding = 4; lastKnownFileType = sourcecode.swift; path = CodeView.swift; sourceTree = "<group>"; };
		9C48F9912C3D533D008A8B57 /* WBAppWidgetEntryView.swift */ = {isa = PBXFileReference; lastKnownFileType = sourcecode.swift; path = WBAppWidgetEntryView.swift; sourceTree = "<group>"; };
		9C48F9962C3D75AB008A8B57 /* StringInterpolationView.swift */ = {isa = PBXFileReference; lastKnownFileType = sourcecode.swift; path = StringInterpolationView.swift; sourceTree = "<group>"; };
		9C5417A52C2453790094DFD4 /* Tabs.swift */ = {isa = PBXFileReference; lastKnownFileType = sourcecode.swift; path = Tabs.swift; sourceTree = "<group>"; };
		9C5417A92C2464EA0094DFD4 /* ContactsView.swift */ = {isa = PBXFileReference; lastKnownFileType = sourcecode.swift; path = ContactsView.swift; sourceTree = "<group>"; };
		9C5417B62C24685E0094DFD4 /* ContactModel.swift */ = {isa = PBXFileReference; lastKnownFileType = sourcecode.swift; path = ContactModel.swift; sourceTree = "<group>"; };
		9C5417B82C24697D0094DFD4 /* ContentView.swift */ = {isa = PBXFileReference; lastKnownFileType = sourcecode.swift; path = ContentView.swift; sourceTree = "<group>"; };
		9C5417BB2C246AE60094DFD4 /* Router.swift */ = {isa = PBXFileReference; lastKnownFileType = sourcecode.swift; path = Router.swift; sourceTree = "<group>"; };
		9C5417BD2C246E9B0094DFD4 /* ContentViewTabView.swift */ = {isa = PBXFileReference; lastKnownFileType = sourcecode.swift; path = ContentViewTabView.swift; sourceTree = "<group>"; };
		9C5417BF2C24704D0094DFD4 /* ChatsView.swift */ = {isa = PBXFileReference; lastKnownFileType = sourcecode.swift; path = ChatsView.swift; sourceTree = "<group>"; };
		9C5417C12C2470620094DFD4 /* MoreView.swift */ = {isa = PBXFileReference; lastKnownFileType = sourcecode.swift; path = MoreView.swift; sourceTree = "<group>"; };
		9C74A3DE2C3432E800F2DB39 /* PersonalContactEditView.swift */ = {isa = PBXFileReference; lastKnownFileType = sourcecode.swift; path = PersonalContactEditView.swift; sourceTree = "<group>"; };
		9C74A3E22C34494300F2DB39 /* Bank.playground */ = {isa = PBXFileReference; lastKnownFileType = file.playground; path = Bank.playground; sourceTree = "<group>"; xcLanguageSpecificationIdentifier = xcode.lang.swift; };
		9C793D9D2C5118D90004FE17 /* HashFunction.swift */ = {isa = PBXFileReference; lastKnownFileType = sourcecode.swift; path = HashFunction.swift; sourceTree = "<group>"; };
		9C793D9F2C5118FF0004FE17 /* HashFunctionString.swift */ = {isa = PBXFileReference; lastKnownFileType = sourcecode.swift; path = HashFunctionString.swift; sourceTree = "<group>"; };
		9C8965FB2C4555700030478F /* InfiniteScrollView.swift */ = {isa = PBXFileReference; lastKnownFileType = sourcecode.swift; path = InfiniteScrollView.swift; sourceTree = "<group>"; };
		9C8965FD2C4572C70030478F /* EmojiModel.swift */ = {isa = PBXFileReference; lastKnownFileType = sourcecode.swift; path = EmojiModel.swift; sourceTree = "<group>"; };
		9C8965FF2C45A1DF0030478F /* GeometryCellView.swift */ = {isa = PBXFileReference; lastKnownFileType = sourcecode.swift; path = GeometryCellView.swift; sourceTree = "<group>"; };
		9C8EE8C82C4EA3F300B459B0 /* UIApplication+.swift */ = {isa = PBXFileReference; lastKnownFileType = sourcecode.swift; path = "UIApplication+.swift"; sourceTree = "<group>"; };
		9C8EE8CD2C4EC41B00B459B0 /* ClockAnimationView.swift */ = {isa = PBXFileReference; lastKnownFileType = sourcecode.swift; path = ClockAnimationView.swift; sourceTree = "<group>"; };
		9C9CEA6D2C5273AE00BFEE29 /* OperationWithSet.swift */ = {isa = PBXFileReference; lastKnownFileType = sourcecode.swift; path = OperationWithSet.swift; sourceTree = "<group>"; };
		9C9CEA6F2C527A7700BFEE29 /* OperationWithDictionary.swift */ = {isa = PBXFileReference; lastKnownFileType = sourcecode.swift; path = OperationWithDictionary.swift; sourceTree = "<group>"; };
		9CA69EEC2C58026C0072ADD7 /* UISystem */ = {isa = PBXFileReference; lastKnownFileType = wrapper; name = UISystem; path = Modules/UISystem; sourceTree = SOURCE_ROOT; };
		9CA69EF22C580DB00072ADD7 /* Assets.xcassets */ = {isa = PBXFileReference; lastKnownFileType = folder.assetcatalog; path = Assets.xcassets; sourceTree = "<group>"; };
		9CD04BC92C36BF9000688301 /* Factory.playground */ = {isa = PBXFileReference; lastKnownFileType = file.playground; path = Factory.playground; sourceTree = "<group>"; xcLanguageSpecificationIdentifier = xcode.lang.swift; };
		9CD04BCE2C36E2FA00688301 /* WBAppWidgetExtension.appex */ = {isa = PBXFileReference; explicitFileType = "wrapper.app-extension"; includeInIndex = 0; path = WBAppWidgetExtension.appex; sourceTree = BUILT_PRODUCTS_DIR; };
		9CD04BD02C36E2FA00688301 /* WidgetKit.framework */ = {isa = PBXFileReference; lastKnownFileType = wrapper.framework; name = WidgetKit.framework; path = System/Library/Frameworks/WidgetKit.framework; sourceTree = SDKROOT; };
		9CD04BD22C36E2FA00688301 /* SwiftUI.framework */ = {isa = PBXFileReference; lastKnownFileType = wrapper.framework; name = SwiftUI.framework; path = System/Library/Frameworks/SwiftUI.framework; sourceTree = SDKROOT; };
		9CD04BD52C36E2FA00688301 /* WBAppWidgetBundle.swift */ = {isa = PBXFileReference; lastKnownFileType = sourcecode.swift; path = WBAppWidgetBundle.swift; sourceTree = "<group>"; };
		9CD04BD92C36E2FA00688301 /* WBAppWidget.swift */ = {isa = PBXFileReference; lastKnownFileType = sourcecode.swift; path = WBAppWidget.swift; sourceTree = "<group>"; };
		9CD04BDB2C36E2FA00688301 /* AppIntent.swift */ = {isa = PBXFileReference; lastKnownFileType = sourcecode.swift; path = AppIntent.swift; sourceTree = "<group>"; };
		9CD04BDD2C36E2FB00688301 /* Assets.xcassets */ = {isa = PBXFileReference; lastKnownFileType = folder.assetcatalog; path = Assets.xcassets; sourceTree = "<group>"; };
		9CD04BDF2C36E2FB00688301 /* Info.plist */ = {isa = PBXFileReference; lastKnownFileType = text.plist.xml; path = Info.plist; sourceTree = "<group>"; };
		9CD04BE82C36EB2100688301 /* ChatsIntent.swift */ = {isa = PBXFileReference; lastKnownFileType = sourcecode.swift; path = ChatsIntent.swift; sourceTree = "<group>"; };
/* End PBXFileReference section */

/* Begin PBXFrameworksBuildPhase section */
		9C11C2B82C17188600F2E691 /* Frameworks */ = {
			isa = PBXFrameworksBuildPhase;
			buildActionMask = 2147483647;
			files = (
				9CA69EEE2C5806250072ADD7 /* UISystem in Frameworks */,
			);
			runOnlyForDeploymentPostprocessing = 0;
		};
		9CD04BCB2C36E2FA00688301 /* Frameworks */ = {
			isa = PBXFrameworksBuildPhase;
			buildActionMask = 2147483647;
			files = (
				9CD04BD32C36E2FA00688301 /* SwiftUI.framework in Frameworks */,
				9CD04BD12C36E2FA00688301 /* WidgetKit.framework in Frameworks */,
			);
			runOnlyForDeploymentPostprocessing = 0;
		};
/* End PBXFrameworksBuildPhase section */

/* Begin PBXGroup section */
		9C11C2B22C17188600F2E691 = {
			isa = PBXGroup;
			children = (
				9C11C2BD2C17188600F2E691 /* WBApp */,
				9CA69EF22C580DB00072ADD7 /* Assets.xcassets */,
				9CD04BD42C36E2FA00688301 /* WBAppWidget */,
				9CD04BCF2C36E2FA00688301 /* Frameworks */,
				9C11C2BC2C17188600F2E691 /* Products */,
			);
			sourceTree = "<group>";
		};
		9C11C2BC2C17188600F2E691 /* Products */ = {
			isa = PBXGroup;
			children = (
				9C11C2BB2C17188600F2E691 /* WBApp.app */,
				9CD04BCE2C36E2FA00688301 /* WBAppWidgetExtension.appex */,
			);
			name = Products;
			sourceTree = "<group>";
		};
		9C11C2BD2C17188600F2E691 /* WBApp */ = {
			isa = PBXGroup;
			children = (
				9CA69EEC2C58026C0072ADD7 /* UISystem */,
				9C793D9B2C5117B50004FE17 /* HW12 */,
				9C8EE8CA2C4EAAE800B459B0 /* HW11 */,
				9C8EE8C72C4EA3DA00B459B0 /* Extensions */,
				9C3F4EBF2C47FD0D00E25205 /* HW10 */,
				9C40C0EE2C30222900116655 /* Localization */,
				9C8965F42C454A870030478F /* HW09 */,
				9C48F9952C3D7562008A8B57 /* HW07 */,
				9CD04BC72C36BF6600688301 /* HW06 */,
				9C74A3E12C34420300F2DB39 /* HW05 */,
				9C74A3E02C3441F700F2DB39 /* HW04 */,
				9C11C2BE2C17188600F2E691 /* WBAppApp.swift */,
				9C5417BD2C246E9B0094DFD4 /* ContentViewTabView.swift */,
				9C11C2CC2C17269400F2E691 /* HW02 */,
				9C11C2CD2C1726A900F2E691 /* HW03 */,
				9C5417BA2C246AC10094DFD4 /* Routing */,
				9C11C2C42C17188700F2E691 /* Preview Content */,
			);
			path = WBApp;
			sourceTree = "<group>";
		};
		9C11C2C42C17188700F2E691 /* Preview Content */ = {
			isa = PBXGroup;
			children = (
				9C11C2C52C17188700F2E691 /* Preview Assets.xcassets */,
			);
			path = "Preview Content";
			sourceTree = "<group>";
		};
		9C11C2CC2C17269400F2E691 /* HW02 */ = {
			isa = PBXGroup;
			children = (
				9C5417B82C24697D0094DFD4 /* ContentView.swift */,
				9C40C0F72C3050EC00116655 /* OnboardingView.swift */,
				9C40C0F92C30510400116655 /* OnboardingButtons.swift */,
			);
			path = HW02;
			sourceTree = "<group>";
		};
		9C11C2CD2C1726A900F2E691 /* HW03 */ = {
			isa = PBXGroup;
			children = (
				9C40C0FE2C317A1A00116655 /* PersonalContact */,
				9C40C0FD2C31799600116655 /* Contact */,
				9C14A04C2C29BE6E00FD1D48 /* NewContactView.swift */,
				9C40C0EC2C3016EF00116655 /* MockData.swift */,
				9C5417BF2C24704D0094DFD4 /* ChatsView.swift */,
				9C5417C12C2470620094DFD4 /* MoreView.swift */,
			);
			path = HW03;
			sourceTree = "<group>";
		};
		9C3F4EBF2C47FD0D00E25205 /* HW10 */ = {
			isa = PBXGroup;
			children = (
				9C3F4EC02C47FD9100E25205 /* VerificationView.swift */,
				9C3F4EC22C4805BD00E25205 /* VerificationEnterNumberView.swift */,
				9C3F4EC72C4814D300E25205 /* VerificationModel.swift */,
				9C8EE8CD2C4EC41B00B459B0 /* ClockAnimationView.swift */,
			);
			path = HW10;
			sourceTree = "<group>";
		};
		9C40C0EE2C30222900116655 /* Localization */ = {
			isa = PBXGroup;
			children = (
				9C40C0F22C30237800116655 /* Localizable.strings */,
			);
			path = Localization;
			sourceTree = "<group>";
		};
		9C40C0FD2C31799600116655 /* Contact */ = {
			isa = PBXGroup;
			children = (
				9C5417B62C24685E0094DFD4 /* ContactModel.swift */,
				9C5417A92C2464EA0094DFD4 /* ContactsView.swift */,
				9C14A0412C299FB900FD1D48 /* ContactsListView.swift */,
				9C0C52EA2C2AEA1300DD0C6F /* ContactCellView.swift */,
				9C0C52EE2C2C20B900DD0C6F /* ContactInfoView.swift */,
				9C0C52EC2C2C1E4800DD0C6F /* ContactAvatarView.swift */,
			);
			path = Contact;
			sourceTree = "<group>";
		};
		9C40C0FE2C317A1A00116655 /* PersonalContact */ = {
			isa = PBXGroup;
			children = (
				9C14A0452C29B90A00FD1D48 /* PersonalContactView.swift */,
				9C74A3DE2C3432E800F2DB39 /* PersonalContactEditView.swift */,
				9C40C0FF2C317A6700116655 /* PersonalContactAvatarView.swift */,
				9C40C1012C317C5100116655 /* PersonalContactInfoView.swift */,
				9C40C1052C31B79300116655 /* PersonalContactSocButtonListView.swift */,
			);
			path = PersonalContact;
			sourceTree = "<group>";
		};
		9C48F9952C3D7562008A8B57 /* HW07 */ = {
			isa = PBXGroup;
			children = (
				9C48F9962C3D75AB008A8B57 /* StringInterpolationView.swift */,
			);
			path = HW07;
			sourceTree = "<group>";
		};
		9C5417BA2C246AC10094DFD4 /* Routing */ = {
			isa = PBXGroup;
			children = (
				9C5417A52C2453790094DFD4 /* Tabs.swift */,
				9C5417BB2C246AE60094DFD4 /* Router.swift */,
			);
			path = Routing;
			sourceTree = "<group>";
		};
		9C74A3E02C3441F700F2DB39 /* HW04 */ = {
			isa = PBXGroup;
			children = (
				9CD04BE72C36EA4300688301 /* Intents */,
			);
			path = HW04;
			sourceTree = "<group>";
		};
		9C74A3E12C34420300F2DB39 /* HW05 */ = {
			isa = PBXGroup;
			children = (
				9C74A3E22C34494300F2DB39 /* Bank.playground */,
			);
			path = HW05;
			sourceTree = "<group>";
		};
		9C793D9B2C5117B50004FE17 /* HW12 */ = {
			isa = PBXGroup;
			children = (
				9C793D9D2C5118D90004FE17 /* HashFunction.swift */,
				9C793D9F2C5118FF0004FE17 /* HashFunctionString.swift */,
				9C9CEA6D2C5273AE00BFEE29 /* OperationWithSet.swift */,
				9C9CEA6F2C527A7700BFEE29 /* OperationWithDictionary.swift */,
			);
			path = HW12;
			sourceTree = "<group>";
		};
		9C8965F42C454A870030478F /* HW09 */ = {
			isa = PBXGroup;
			children = (
				9C8965FB2C4555700030478F /* InfiniteScrollView.swift */,
				9C8965FF2C45A1DF0030478F /* GeometryCellView.swift */,
				9C3F4EB92C47ECA800E25205 /* EmojiViewModel.swift */,
				9C3F4EBD2C47ECDC00E25205 /* EmojiCellView.swift */,
				9C8965FD2C4572C70030478F /* EmojiModel.swift */,
			);
			path = HW09;
			sourceTree = "<group>";
		};
		9C8EE8C72C4EA3DA00B459B0 /* Extensions */ = {
			isa = PBXGroup;
			children = (
				9C8EE8C82C4EA3F300B459B0 /* UIApplication+.swift */,
			);
			path = Extensions;
			sourceTree = "<group>";
		};
		9C8EE8CA2C4EAAE800B459B0 /* HW11 */ = {
			isa = PBXGroup;
			children = (
				9C440E2D2C50182A00E82AF7 /* CustomOperator%%.swift */,
				9C440E2E2C50182A00E82AF7 /* VerificationCodeView.swift */,
				9C440E332C50185C00E82AF7 /* CodeView.swift */,
				9C440E2F2C50182A00E82AF7 /* VerificationPromptView.swift */,
			);
			path = HW11;
			sourceTree = "<group>";
		};
		9CD04BC72C36BF6600688301 /* HW06 */ = {
			isa = PBXGroup;
			children = (
				9CD04BC92C36BF9000688301 /* Factory.playground */,
			);
			path = HW06;
			sourceTree = "<group>";
		};
		9CD04BCF2C36E2FA00688301 /* Frameworks */ = {
			isa = PBXGroup;
			children = (
				9CD04BD02C36E2FA00688301 /* WidgetKit.framework */,
				9CD04BD22C36E2FA00688301 /* SwiftUI.framework */,
			);
			name = Frameworks;
			sourceTree = "<group>";
		};
		9CD04BD42C36E2FA00688301 /* WBAppWidget */ = {
			isa = PBXGroup;
			children = (
				9CD04BD52C36E2FA00688301 /* WBAppWidgetBundle.swift */,
				9C48F9912C3D533D008A8B57 /* WBAppWidgetEntryView.swift */,
				9CD04BD92C36E2FA00688301 /* WBAppWidget.swift */,
				9CD04BDB2C36E2FA00688301 /* AppIntent.swift */,
				9CD04BDD2C36E2FB00688301 /* Assets.xcassets */,
				9CD04BDF2C36E2FB00688301 /* Info.plist */,
			);
			path = WBAppWidget;
			sourceTree = "<group>";
		};
		9CD04BE72C36EA4300688301 /* Intents */ = {
			isa = PBXGroup;
			children = (
				9CD04BE82C36EB2100688301 /* ChatsIntent.swift */,
			);
			path = Intents;
			sourceTree = "<group>";
		};
/* End PBXGroup section */

/* Begin PBXNativeTarget section */
		9C11C2BA2C17188600F2E691 /* WBApp */ = {
			isa = PBXNativeTarget;
			buildConfigurationList = 9C11C2C92C17188700F2E691 /* Build configuration list for PBXNativeTarget "WBApp" */;
			buildPhases = (
				9C11C2B72C17188600F2E691 /* Sources */,
				9C11C2B82C17188600F2E691 /* Frameworks */,
				9C11C2B92C17188600F2E691 /* Resources */,
				9CD04BE62C36E2FB00688301 /* Embed Foundation Extensions */,
			);
			buildRules = (
			);
			dependencies = (
				9CD04BE12C36E2FB00688301 /* PBXTargetDependency */,
			);
			name = WBApp;
			packageProductDependencies = (
				9CA69EED2C5806250072ADD7 /* UISystem */,
			);
			productName = WBApp;
			productReference = 9C11C2BB2C17188600F2E691 /* WBApp.app */;
			productType = "com.apple.product-type.application";
		};
		9CD04BCD2C36E2FA00688301 /* WBAppWidgetExtension */ = {
			isa = PBXNativeTarget;
			buildConfigurationList = 9CD04BE32C36E2FB00688301 /* Build configuration list for PBXNativeTarget "WBAppWidgetExtension" */;
			buildPhases = (
				9CD04BCA2C36E2FA00688301 /* Sources */,
				9CD04BCB2C36E2FA00688301 /* Frameworks */,
				9CD04BCC2C36E2FA00688301 /* Resources */,
			);
			buildRules = (
			);
			dependencies = (
			);
			name = WBAppWidgetExtension;
			productName = WBAppWidgetExtension;
			productReference = 9CD04BCE2C36E2FA00688301 /* WBAppWidgetExtension.appex */;
			productType = "com.apple.product-type.app-extension";
		};
/* End PBXNativeTarget section */

/* Begin PBXProject section */
		9C11C2B32C17188600F2E691 /* Project object */ = {
			isa = PBXProject;
			attributes = {
				BuildIndependentTargetsInParallel = 1;
				LastSwiftUpdateCheck = 1540;
				LastUpgradeCheck = 1540;
				TargetAttributes = {
					9C11C2BA2C17188600F2E691 = {
						CreatedOnToolsVersion = 15.4;
					};
					9CD04BCD2C36E2FA00688301 = {
						CreatedOnToolsVersion = 15.4;
					};
				};
			};
			buildConfigurationList = 9C11C2B62C17188600F2E691 /* Build configuration list for PBXProject "WBApp" */;
			compatibilityVersion = "Xcode 14.0";
			developmentRegion = en;
			hasScannedForEncodings = 0;
			knownRegions = (
				en,
				Base,
				ru,
			);
			mainGroup = 9C11C2B22C17188600F2E691;
			productRefGroup = 9C11C2BC2C17188600F2E691 /* Products */;
			projectDirPath = "";
			projectRoot = "";
			targets = (
				9C11C2BA2C17188600F2E691 /* WBApp */,
				9CD04BCD2C36E2FA00688301 /* WBAppWidgetExtension */,
			);
		};
/* End PBXProject section */

/* Begin PBXResourcesBuildPhase section */
		9C11C2B92C17188600F2E691 /* Resources */ = {
			isa = PBXResourcesBuildPhase;
			buildActionMask = 2147483647;
			files = (
				9C11C2C62C17188700F2E691 /* Preview Assets.xcassets in Resources */,
				9CA69EF32C580DB90072ADD7 /* Assets.xcassets in Resources */,
				9C40C0F42C30237800116655 /* Localizable.strings in Resources */,
			);
			runOnlyForDeploymentPostprocessing = 0;
		};
		9CD04BCC2C36E2FA00688301 /* Resources */ = {
			isa = PBXResourcesBuildPhase;
			buildActionMask = 2147483647;
			files = (
				9CA69EF42C580DBA0072ADD7 /* Assets.xcassets in Resources */,
				9CD04BDE2C36E2FB00688301 /* Assets.xcassets in Resources */,
			);
			runOnlyForDeploymentPostprocessing = 0;
		};
/* End PBXResourcesBuildPhase section */

/* Begin PBXSourcesBuildPhase section */
		9C11C2B72C17188600F2E691 /* Sources */ = {
			isa = PBXSourcesBuildPhase;
			buildActionMask = 2147483647;
			files = (
				9C8965FE2C4572C70030478F /* EmojiModel.swift in Sources */,
				9C14A04D2C29BE6E00FD1D48 /* NewContactView.swift in Sources */,
				9C440E302C50182A00E82AF7 /* CustomOperator%%.swift in Sources */,
				9C40C1062C31B79300116655 /* PersonalContactSocButtonListView.swift in Sources */,
				9C5417C02C24704D0094DFD4 /* ChatsView.swift in Sources */,
				9C0C52EB2C2AEA1300DD0C6F /* ContactCellView.swift in Sources */,
				9C5417B72C24685E0094DFD4 /* ContactModel.swift in Sources */,
				9C0C52ED2C2C1E4800DD0C6F /* ContactAvatarView.swift in Sources */,
				9C9CEA6E2C5273AE00BFEE29 /* OperationWithSet.swift in Sources */,
				9C9CEA6C2C5271AA00BFEE29 /* HashFunctionString.swift in Sources */,
				9C5417BC2C246AE60094DFD4 /* Router.swift in Sources */,
				9C40C0F82C3050EC00116655 /* OnboardingView.swift in Sources */,
				9C40C1022C317C5100116655 /* PersonalContactInfoView.swift in Sources */,
				9C8EE8CE2C4EC41B00B459B0 /* ClockAnimationView.swift in Sources */,
				9CD04BE92C36EB2100688301 /* ChatsIntent.swift in Sources */,
				9C440E312C50182A00E82AF7 /* VerificationCodeView.swift in Sources */,
				9C9CEA702C527A7700BFEE29 /* OperationWithDictionary.swift in Sources */,
				9C5417BE2C246E9B0094DFD4 /* ContentViewTabView.swift in Sources */,
				9C40C0ED2C3016EF00116655 /* MockData.swift in Sources */,
				9C440E322C50182A00E82AF7 /* VerificationPromptView.swift in Sources */,
				9C5417C22C2470620094DFD4 /* MoreView.swift in Sources */,
				9C3F4EBA2C47ECA800E25205 /* EmojiViewModel.swift in Sources */,
				9C48F9972C3D75AB008A8B57 /* StringInterpolationView.swift in Sources */,
				9C14A0422C299FB900FD1D48 /* ContactsListView.swift in Sources */,
				9C40C1002C317A6700116655 /* PersonalContactAvatarView.swift in Sources */,
				9C5417AA2C2464EA0094DFD4 /* ContactsView.swift in Sources */,
				9C74A3DF2C3432E800F2DB39 /* PersonalContactEditView.swift in Sources */,
				9C3F4EC82C4814D300E25205 /* VerificationModel.swift in Sources */,
				9C5417B92C24697D0094DFD4 /* ContentView.swift in Sources */,
				9C3F4EBE2C47ECDC00E25205 /* EmojiCellView.swift in Sources */,
				9C40C0FA2C30510400116655 /* OnboardingButtons.swift in Sources */,
				9C440E342C50185C00E82AF7 /* CodeView.swift in Sources */,
				9C3F4EC32C4805BD00E25205 /* VerificationEnterNumberView.swift in Sources */,
				9C0C52EF2C2C20B900DD0C6F /* ContactInfoView.swift in Sources */,
				9C5417A62C2453790094DFD4 /* Tabs.swift in Sources */,
				9C8966002C45A1DF0030478F /* GeometryCellView.swift in Sources */,
				9C8EE8C92C4EA3F300B459B0 /* UIApplication+.swift in Sources */,
				9C3F4EC12C47FD9100E25205 /* VerificationView.swift in Sources */,
				9C793D9E2C5118D90004FE17 /* HashFunction.swift in Sources */,
				9C11C2BF2C17188600F2E691 /* WBAppApp.swift in Sources */,
				9C14A0462C29B90A00FD1D48 /* PersonalContactView.swift in Sources */,
				9C8965FC2C4555700030478F /* InfiniteScrollView.swift in Sources */,
			);
			runOnlyForDeploymentPostprocessing = 0;
		};
		9CD04BCA2C36E2FA00688301 /* Sources */ = {
			isa = PBXSourcesBuildPhase;
			buildActionMask = 2147483647;
			files = (
				9C48F9922C3D533D008A8B57 /* WBAppWidgetEntryView.swift in Sources */,
				9CEF50FA2C4156AE00431997 /* MockData.swift in Sources */,
				9CD04BDA2C36E2FA00688301 /* WBAppWidget.swift in Sources */,
				9CD04BDC2C36E2FA00688301 /* AppIntent.swift in Sources */,
				9CEF50F82C41549600431997 /* ContactModel.swift in Sources */,
				9CD04BD62C36E2FA00688301 /* WBAppWidgetBundle.swift in Sources */,
			);
			runOnlyForDeploymentPostprocessing = 0;
		};
/* End PBXSourcesBuildPhase section */

/* Begin PBXTargetDependency section */
		9CD04BE12C36E2FB00688301 /* PBXTargetDependency */ = {
			isa = PBXTargetDependency;
			target = 9CD04BCD2C36E2FA00688301 /* WBAppWidgetExtension */;
			targetProxy = 9CD04BE02C36E2FB00688301 /* PBXContainerItemProxy */;
		};
/* End PBXTargetDependency section */

/* Begin PBXVariantGroup section */
		9C40C0F22C30237800116655 /* Localizable.strings */ = {
			isa = PBXVariantGroup;
			children = (
				9C40C0F52C30237E00116655 /* ru */,
				9C40C0F62C30252400116655 /* en */,
			);
			name = Localizable.strings;
			sourceTree = "<group>";
		};
/* End PBXVariantGroup section */

/* Begin XCBuildConfiguration section */
		9C11C2C72C17188700F2E691 /* Debug */ = {
			isa = XCBuildConfiguration;
			buildSettings = {
				ALWAYS_SEARCH_USER_PATHS = NO;
				ASSETCATALOG_COMPILER_GENERATE_SWIFT_ASSET_SYMBOL_EXTENSIONS = YES;
				CLANG_ANALYZER_NONNULL = YES;
				CLANG_ANALYZER_NUMBER_OBJECT_CONVERSION = YES_AGGRESSIVE;
				CLANG_CXX_LANGUAGE_STANDARD = "gnu++20";
				CLANG_ENABLE_MODULES = YES;
				CLANG_ENABLE_OBJC_ARC = YES;
				CLANG_ENABLE_OBJC_WEAK = YES;
				CLANG_WARN_BLOCK_CAPTURE_AUTORELEASING = YES;
				CLANG_WARN_BOOL_CONVERSION = YES;
				CLANG_WARN_COMMA = YES;
				CLANG_WARN_CONSTANT_CONVERSION = YES;
				CLANG_WARN_DEPRECATED_OBJC_IMPLEMENTATIONS = YES;
				CLANG_WARN_DIRECT_OBJC_ISA_USAGE = YES_ERROR;
				CLANG_WARN_DOCUMENTATION_COMMENTS = YES;
				CLANG_WARN_EMPTY_BODY = YES;
				CLANG_WARN_ENUM_CONVERSION = YES;
				CLANG_WARN_INFINITE_RECURSION = YES;
				CLANG_WARN_INT_CONVERSION = YES;
				CLANG_WARN_NON_LITERAL_NULL_CONVERSION = YES;
				CLANG_WARN_OBJC_IMPLICIT_RETAIN_SELF = YES;
				CLANG_WARN_OBJC_LITERAL_CONVERSION = YES;
				CLANG_WARN_OBJC_ROOT_CLASS = YES_ERROR;
				CLANG_WARN_QUOTED_INCLUDE_IN_FRAMEWORK_HEADER = YES;
				CLANG_WARN_RANGE_LOOP_ANALYSIS = YES;
				CLANG_WARN_STRICT_PROTOTYPES = YES;
				CLANG_WARN_SUSPICIOUS_MOVE = YES;
				CLANG_WARN_UNGUARDED_AVAILABILITY = YES_AGGRESSIVE;
				CLANG_WARN_UNREACHABLE_CODE = YES;
				CLANG_WARN__DUPLICATE_METHOD_MATCH = YES;
				COPY_PHASE_STRIP = NO;
				DEBUG_INFORMATION_FORMAT = dwarf;
				ENABLE_STRICT_OBJC_MSGSEND = YES;
				ENABLE_TESTABILITY = YES;
				ENABLE_USER_SCRIPT_SANDBOXING = YES;
				GCC_C_LANGUAGE_STANDARD = gnu17;
				GCC_DYNAMIC_NO_PIC = NO;
				GCC_NO_COMMON_BLOCKS = YES;
				GCC_OPTIMIZATION_LEVEL = 0;
				GCC_PREPROCESSOR_DEFINITIONS = (
					"DEBUG=1",
					"$(inherited)",
				);
				GCC_WARN_64_TO_32_BIT_CONVERSION = YES;
				GCC_WARN_ABOUT_RETURN_TYPE = YES_ERROR;
				GCC_WARN_UNDECLARED_SELECTOR = YES;
				GCC_WARN_UNINITIALIZED_AUTOS = YES_AGGRESSIVE;
				GCC_WARN_UNUSED_FUNCTION = YES;
				GCC_WARN_UNUSED_VARIABLE = YES;
				IPHONEOS_DEPLOYMENT_TARGET = 17.5;
				LOCALIZATION_PREFERS_STRING_CATALOGS = YES;
				MTL_ENABLE_DEBUG_INFO = INCLUDE_SOURCE;
				MTL_FAST_MATH = YES;
				ONLY_ACTIVE_ARCH = YES;
				SDKROOT = iphoneos;
				SWIFT_ACTIVE_COMPILATION_CONDITIONS = "DEBUG $(inherited)";
				SWIFT_OPTIMIZATION_LEVEL = "-Onone";
			};
			name = Debug;
		};
		9C11C2C82C17188700F2E691 /* Release */ = {
			isa = XCBuildConfiguration;
			buildSettings = {
				ALWAYS_SEARCH_USER_PATHS = NO;
				ASSETCATALOG_COMPILER_GENERATE_SWIFT_ASSET_SYMBOL_EXTENSIONS = YES;
				CLANG_ANALYZER_NONNULL = YES;
				CLANG_ANALYZER_NUMBER_OBJECT_CONVERSION = YES_AGGRESSIVE;
				CLANG_CXX_LANGUAGE_STANDARD = "gnu++20";
				CLANG_ENABLE_MODULES = YES;
				CLANG_ENABLE_OBJC_ARC = YES;
				CLANG_ENABLE_OBJC_WEAK = YES;
				CLANG_WARN_BLOCK_CAPTURE_AUTORELEASING = YES;
				CLANG_WARN_BOOL_CONVERSION = YES;
				CLANG_WARN_COMMA = YES;
				CLANG_WARN_CONSTANT_CONVERSION = YES;
				CLANG_WARN_DEPRECATED_OBJC_IMPLEMENTATIONS = YES;
				CLANG_WARN_DIRECT_OBJC_ISA_USAGE = YES_ERROR;
				CLANG_WARN_DOCUMENTATION_COMMENTS = YES;
				CLANG_WARN_EMPTY_BODY = YES;
				CLANG_WARN_ENUM_CONVERSION = YES;
				CLANG_WARN_INFINITE_RECURSION = YES;
				CLANG_WARN_INT_CONVERSION = YES;
				CLANG_WARN_NON_LITERAL_NULL_CONVERSION = YES;
				CLANG_WARN_OBJC_IMPLICIT_RETAIN_SELF = YES;
				CLANG_WARN_OBJC_LITERAL_CONVERSION = YES;
				CLANG_WARN_OBJC_ROOT_CLASS = YES_ERROR;
				CLANG_WARN_QUOTED_INCLUDE_IN_FRAMEWORK_HEADER = YES;
				CLANG_WARN_RANGE_LOOP_ANALYSIS = YES;
				CLANG_WARN_STRICT_PROTOTYPES = YES;
				CLANG_WARN_SUSPICIOUS_MOVE = YES;
				CLANG_WARN_UNGUARDED_AVAILABILITY = YES_AGGRESSIVE;
				CLANG_WARN_UNREACHABLE_CODE = YES;
				CLANG_WARN__DUPLICATE_METHOD_MATCH = YES;
				COPY_PHASE_STRIP = NO;
				DEBUG_INFORMATION_FORMAT = "dwarf-with-dsym";
				ENABLE_NS_ASSERTIONS = NO;
				ENABLE_STRICT_OBJC_MSGSEND = YES;
				ENABLE_USER_SCRIPT_SANDBOXING = YES;
				GCC_C_LANGUAGE_STANDARD = gnu17;
				GCC_NO_COMMON_BLOCKS = YES;
				GCC_WARN_64_TO_32_BIT_CONVERSION = YES;
				GCC_WARN_ABOUT_RETURN_TYPE = YES_ERROR;
				GCC_WARN_UNDECLARED_SELECTOR = YES;
				GCC_WARN_UNINITIALIZED_AUTOS = YES_AGGRESSIVE;
				GCC_WARN_UNUSED_FUNCTION = YES;
				GCC_WARN_UNUSED_VARIABLE = YES;
				IPHONEOS_DEPLOYMENT_TARGET = 17.5;
				LOCALIZATION_PREFERS_STRING_CATALOGS = YES;
				MTL_ENABLE_DEBUG_INFO = NO;
				MTL_FAST_MATH = YES;
				SDKROOT = iphoneos;
				SWIFT_COMPILATION_MODE = wholemodule;
				VALIDATE_PRODUCT = YES;
			};
			name = Release;
		};
		9C11C2CA2C17188700F2E691 /* Debug */ = {
			isa = XCBuildConfiguration;
			buildSettings = {
				ALWAYS_EMBED_SWIFT_STANDARD_LIBRARIES = YES;
				ASSETCATALOG_COMPILER_APPICON_NAME = AppIcon;
				ASSETCATALOG_COMPILER_GLOBAL_ACCENT_COLOR_NAME = AccentColor;
				CODE_SIGN_STYLE = Automatic;
				CURRENT_PROJECT_VERSION = 1;
				DEVELOPMENT_ASSET_PATHS = "\"WBApp/Preview Content\"";
				DEVELOPMENT_TEAM = DR4CL7C7Q4;
				ENABLE_PREVIEWS = YES;
				GENERATE_INFOPLIST_FILE = YES;
				INFOPLIST_KEY_UIApplicationSceneManifest_Generation = YES;
				INFOPLIST_KEY_UIApplicationSupportsIndirectInputEvents = YES;
				INFOPLIST_KEY_UILaunchScreen_Generation = YES;
				INFOPLIST_KEY_UISupportedInterfaceOrientations_iPad = "UIInterfaceOrientationPortrait UIInterfaceOrientationPortraitUpsideDown UIInterfaceOrientationLandscapeLeft UIInterfaceOrientationLandscapeRight";
				INFOPLIST_KEY_UISupportedInterfaceOrientations_iPhone = "UIInterfaceOrientationPortrait UIInterfaceOrientationLandscapeLeft UIInterfaceOrientationLandscapeRight";
				IPHONEOS_DEPLOYMENT_TARGET = 17.2;
				LD_RUNPATH_SEARCH_PATHS = (
					"$(inherited)",
					"@executable_path/Frameworks",
				);
				MARKETING_VERSION = 1.0;
				PRODUCT_BUNDLE_IDENTIFIER = com.ilyaszhanaev.WBApp;
				PRODUCT_NAME = "$(TARGET_NAME)";
				SWIFT_EMIT_LOC_STRINGS = YES;
				SWIFT_VERSION = 5.0;
				TARGETED_DEVICE_FAMILY = "1,2";
			};
			name = Debug;
		};
		9C11C2CB2C17188700F2E691 /* Release */ = {
			isa = XCBuildConfiguration;
			buildSettings = {
				ALWAYS_EMBED_SWIFT_STANDARD_LIBRARIES = YES;
				ASSETCATALOG_COMPILER_APPICON_NAME = AppIcon;
				ASSETCATALOG_COMPILER_GLOBAL_ACCENT_COLOR_NAME = AccentColor;
				CODE_SIGN_STYLE = Automatic;
				CURRENT_PROJECT_VERSION = 1;
				DEVELOPMENT_ASSET_PATHS = "\"WBApp/Preview Content\"";
				DEVELOPMENT_TEAM = DR4CL7C7Q4;
				ENABLE_PREVIEWS = YES;
				GENERATE_INFOPLIST_FILE = YES;
				INFOPLIST_KEY_UIApplicationSceneManifest_Generation = YES;
				INFOPLIST_KEY_UIApplicationSupportsIndirectInputEvents = YES;
				INFOPLIST_KEY_UILaunchScreen_Generation = YES;
				INFOPLIST_KEY_UISupportedInterfaceOrientations_iPad = "UIInterfaceOrientationPortrait UIInterfaceOrientationPortraitUpsideDown UIInterfaceOrientationLandscapeLeft UIInterfaceOrientationLandscapeRight";
				INFOPLIST_KEY_UISupportedInterfaceOrientations_iPhone = "UIInterfaceOrientationPortrait UIInterfaceOrientationLandscapeLeft UIInterfaceOrientationLandscapeRight";
				IPHONEOS_DEPLOYMENT_TARGET = 17.2;
				LD_RUNPATH_SEARCH_PATHS = (
					"$(inherited)",
					"@executable_path/Frameworks",
				);
				MARKETING_VERSION = 1.0;
				PRODUCT_BUNDLE_IDENTIFIER = com.ilyaszhanaev.WBApp;
				PRODUCT_NAME = "$(TARGET_NAME)";
				SWIFT_EMIT_LOC_STRINGS = YES;
				SWIFT_VERSION = 5.0;
				TARGETED_DEVICE_FAMILY = "1,2";
			};
			name = Release;
		};
		9CD04BE42C36E2FB00688301 /* Debug */ = {
			isa = XCBuildConfiguration;
			buildSettings = {
				ASSETCATALOG_COMPILER_GLOBAL_ACCENT_COLOR_NAME = AccentColor;
				ASSETCATALOG_COMPILER_WIDGET_BACKGROUND_COLOR_NAME = WidgetBackground;
				CODE_SIGN_STYLE = Automatic;
				CURRENT_PROJECT_VERSION = 1;
				DEVELOPMENT_TEAM = DR4CL7C7Q4;
				GENERATE_INFOPLIST_FILE = YES;
				INFOPLIST_FILE = WBAppWidget/Info.plist;
				INFOPLIST_KEY_CFBundleDisplayName = WBAppWidget;
				INFOPLIST_KEY_NSHumanReadableCopyright = "";
				LD_RUNPATH_SEARCH_PATHS = (
					"$(inherited)",
					"@executable_path/Frameworks",
					"@executable_path/../../Frameworks",
				);
				MARKETING_VERSION = 1.0;
				PRODUCT_BUNDLE_IDENTIFIER = com.ilyaszhanaev.WBApp.WBAppWidget;
				PRODUCT_NAME = "$(TARGET_NAME)";
				SKIP_INSTALL = YES;
				SWIFT_EMIT_LOC_STRINGS = YES;
				SWIFT_VERSION = 5.0;
				TARGETED_DEVICE_FAMILY = "1,2";
			};
			name = Debug;
		};
		9CD04BE52C36E2FB00688301 /* Release */ = {
			isa = XCBuildConfiguration;
			buildSettings = {
				ASSETCATALOG_COMPILER_GLOBAL_ACCENT_COLOR_NAME = AccentColor;
				ASSETCATALOG_COMPILER_WIDGET_BACKGROUND_COLOR_NAME = WidgetBackground;
				CODE_SIGN_STYLE = Automatic;
				CURRENT_PROJECT_VERSION = 1;
				DEVELOPMENT_TEAM = DR4CL7C7Q4;
				GENERATE_INFOPLIST_FILE = YES;
				INFOPLIST_FILE = WBAppWidget/Info.plist;
				INFOPLIST_KEY_CFBundleDisplayName = WBAppWidget;
				INFOPLIST_KEY_NSHumanReadableCopyright = "";
				LD_RUNPATH_SEARCH_PATHS = (
					"$(inherited)",
					"@executable_path/Frameworks",
					"@executable_path/../../Frameworks",
				);
				MARKETING_VERSION = 1.0;
				PRODUCT_BUNDLE_IDENTIFIER = com.ilyaszhanaev.WBApp.WBAppWidget;
				PRODUCT_NAME = "$(TARGET_NAME)";
				SKIP_INSTALL = YES;
				SWIFT_EMIT_LOC_STRINGS = YES;
				SWIFT_VERSION = 5.0;
				TARGETED_DEVICE_FAMILY = "1,2";
			};
			name = Release;
		};
/* End XCBuildConfiguration section */

/* Begin XCConfigurationList section */
		9C11C2B62C17188600F2E691 /* Build configuration list for PBXProject "WBApp" */ = {
			isa = XCConfigurationList;
			buildConfigurations = (
				9C11C2C72C17188700F2E691 /* Debug */,
				9C11C2C82C17188700F2E691 /* Release */,
			);
			defaultConfigurationIsVisible = 0;
			defaultConfigurationName = Release;
		};
		9C11C2C92C17188700F2E691 /* Build configuration list for PBXNativeTarget "WBApp" */ = {
			isa = XCConfigurationList;
			buildConfigurations = (
				9C11C2CA2C17188700F2E691 /* Debug */,
				9C11C2CB2C17188700F2E691 /* Release */,
			);
			defaultConfigurationIsVisible = 0;
			defaultConfigurationName = Release;
		};
		9CD04BE32C36E2FB00688301 /* Build configuration list for PBXNativeTarget "WBAppWidgetExtension" */ = {
			isa = XCConfigurationList;
			buildConfigurations = (
				9CD04BE42C36E2FB00688301 /* Debug */,
				9CD04BE52C36E2FB00688301 /* Release */,
			);
			defaultConfigurationIsVisible = 0;
			defaultConfigurationName = Release;
		};
/* End XCConfigurationList section */

/* Begin XCSwiftPackageProductDependency section */
		9CA69EED2C5806250072ADD7 /* UISystem */ = {
			isa = XCSwiftPackageProductDependency;
			productName = UISystem;
		};
/* End XCSwiftPackageProductDependency section */
	};
	rootObject = 9C11C2B32C17188600F2E691 /* Project object */;
}
